
Microsoft Visual Studio Solution File, Format Version 12.00
# Visual Studio 15
VisualStudioVersion = 15.0.27703.2042
MinimumVisualStudioVersion = 10.0.40219.1
Project("{9A19103F-16F7-4668-BE54-9A1E7A4F7556}") = "NSB.Example.Contracts", "NSB.Example.Contracts\NSB.Example.Contracts.csproj", "{5310EE01-08D8-46D2-B7E6-EA09F3D283EF}"
EndProject
Global
	GlobalSection(SolutionConfigurationPlatforms) = preSolution
		Debug|Any CPU = Debug|Any CPU
		Release|Any CPU = Release|Any CPU
	EndGlobalSection
	GlobalSection(ProjectConfigurationPlatforms) = postSolution
		{5310EE01-08D8-46D2-B7E6-EA09F3D283EF}.Debug|Any CPU.ActiveCfg = Debug|Any CPU
		{5310EE01-08D8-46D2-B7E6-EA09F3D283EF}.Debug|Any CPU.Build.0 = Debug|Any CPU
		{5310EE01-08D8-46D2-B7E6-EA09F3D283EF}.Release|Any CPU.ActiveCfg = Release|Any CPU
		{5310EE01-08D8-46D2-B7E6-EA09F3D283EF}.Release|Any CPU.Build.0 = Release|Any CPU
	EndGlobalSection
	GlobalSection(SolutionProperties) = preSolution
		HideSolutionNode = FALSE
	EndGlobalSection
	GlobalSection(ExtensibilityGlobals) = postSolution
		SolutionGuid = {6D88125B-2715-4CA1-8574-50A4E8538F62}
	EndGlobalSection
EndGlobal
